
Microsoft Visual Studio Solution File, Format Version 12.00
# Visual Studio Version 17
VisualStudioVersion = 17.2.32630.192
MinimumVisualStudioVersion = 10.0.40219.1
Project("{FAE04EC0-301F-11D3-BF4B-00C04F79EFBC}") = "JobLessonAlgo08v01Part01", "JobLessonAlgo08v01Part01\JobLessonAlgo08v01Part01.csproj", "{C2221C7F-0BA8-4805-8DE5-AF37321EE714}"
EndProject
Global
	GlobalSection(SolutionConfigurationPlatforms) = preSolution
		Debug|Any CPU = Debug|Any CPU
		Release|Any CPU = Release|Any CPU
	EndGlobalSection
	GlobalSection(ProjectConfigurationPlatforms) = postSolution
		{C2221C7F-0BA8-4805-8DE5-AF37321EE714}.Debug|Any CPU.ActiveCfg = Debug|Any CPU
		{C2221C7F-0BA8-4805-8DE5-AF37321EE714}.Debug|Any CPU.Build.0 = Debug|Any CPU
		{C2221C7F-0BA8-4805-8DE5-AF37321EE714}.Release|Any CPU.ActiveCfg = Release|Any CPU
		{C2221C7F-0BA8-4805-8DE5-AF37321EE714}.Release|Any CPU.Build.0 = Release|Any CPU
	EndGlobalSection
	GlobalSection(SolutionProperties) = preSolution
		HideSolutionNode = FALSE
	EndGlobalSection
	GlobalSection(ExtensibilityGlobals) = postSolution
		SolutionGuid = {77108F9C-F56B-4BCB-BD98-E45A407284AC}
	EndGlobalSection
EndGlobal
